{"is_source_file": false, "format": "", "description": "", "external_files": [], "external_methods": [], "published": [], "classes": [], "methods": [], "calls": [], "search-terms": [], "state": 2, "file_id": 47, "knowledge_revision": 179, "git_revision": "", "hash": "3e088bc3ef2b27e72da13a5f953edd64", "format-version": 4, "code-base-name": "default", "filename": "noteease/ios/Runner.xcodeproj/xcshareddata/xcschemes/Runner.xcscheme", "revision_history": [{"179": ""}]}